# This file is autogenerated, do not edit; changes may be undone by the next 'dep ensure'.


[[projects]]
  digest = "1:e20a9d6598878d629e04541d96076bf232c1ee36f6b267c4a5dae7779f15c36a"
  name = "github.com/gogo/protobuf"
  packages = [
    "gogoproto",
    "proto",
    "protoc-gen-gogo/descriptor",
  ]
  pruneopts = "UT"
  revision = "5628607bb4c51c3157aacc3a50f0ab707582b805"
  version = "v1.3.1"

[[projects]]
  digest = "1:2ca73053216eb11c8eea2855c8099ad82773638522f91cc0542ec9759163ff3c"
  name = "github.com/nats-io/go-nats"
  packages = [
    ".",
    "encoders/builtin",
    "util",
  ]
  pruneopts = "UT"
  revision = "70fe06cee50d4b6f98248d9675fb55f2a3aa7228"
  version = "v1.7.2"

[[projects]]
  digest = "1:25a0458641a719a972fa7850c900aaae6b12e74efa6fe35c9bd7a772543bc635"
  name = "github.com/nats-io/go-nats-streaming"
  packages = [
    ".",
    "pb",
  ]
  pruneopts = "UT"
  revision = "7cd94c239033c0405a43454be55a0810d3a3ca89"
  version = "v0.4.4"

[[projects]]
  digest = "1:229998a2544a3cc03959600ac0869eb2e0b6c2ec7a8999ff8dd98e5aa6d35d62"
  name = "github.com/nats-io/nkeys"
  packages = ["."]
  pruneopts = "UT"
  revision = "f1930e19b436412202ab130a733187cc6f40ba7e"
  version = "v0.1.3"

[[projects]]
  digest = "1:599f3202ce0a754144ddc4be4c6df9c6ab27b1d722a63ede6b2e0c3a2cc338a8"
  name = "github.com/nats-io/nuid"
  packages = ["."]
  pruneopts = "UT"
  revision = "4b96681fa6d28dd0ab5fe79bac63b3a493d9ee94"
  version = "v1.0.1"

[[projects]]
  digest = "1:340f4e2e095ead4e0a15b4646da3e4533f8b6520e3a382eaf586e8166f3bbcb5"
  name = "github.com/ngduchai/faas"
  packages = ["gateway/queue"]
  pruneopts = "UT"
  revision = "630ef6ed38e837f0ce9fa0441ee3ee382d87ede2"
  version = "1.0.0"

[[projects]]
  digest = "1:57ef1eb08e128d58c028f402b2030582907c49efc461f4764cf5c9161a4af2c0"
  name = "github.com/ngduchai/faas-provider"
  packages = ["auth"]
  pruneopts = "UT"
  revision = "a04c03d034b4058880de6b6c0606ec02a94ef025"
  version = "0.9.3"

[[projects]]
  digest = "1:340f4e2e095ead4e0a15b4646da3e4533f8b6520e3a382eaf586e8166f3bbcb5"
  name = "github.com/openfaas/faas"
  packages = ["gateway/queue"]
  pruneopts = "UT"
  revision = "f6526929665cb05ceaca7c9c90a6bd7c5f32dca2"
  version = "0.18.13"

[[projects]]
  branch = "master"
  digest = "1:cd7e85fc3687e062714febdee3e8efeb00a413a2a620d28908fd0258261d2353"
  name = "golang.org/x/crypto"
  packages = [
    "ed25519",
    "ed25519/internal/edwards25519",
  ]
  pruneopts = "UT"
  revision = "1b76d66859c6111b3d5c3ea6600ea44dc188bf12"

[solve-meta]
  analyzer-name = "dep"
  analyzer-version = 1
  input-imports = [
    "github.com/nats-io/go-nats-streaming",
    "github.com/ngduchai/faas-provider/auth",
    "github.com/ngduchai/faas/gateway/queue",
    "github.com/openfaas/faas/gateway/queue",
  ]
  solver-name = "gps-cdcl"
  solver-version = 1
